
Microsoft Visual Studio Solution File, Format Version 10.00
# Visual Studio 2008
Project("{FAE04EC0-301F-11D3-BF4B-00C04F79EFBC}") = "Dominion", "Dominion\Dominion.csproj", "{BD323D52-7C39-4D55-99AC-52A6ED5161D5}"
EndProject
Project("{FAE04EC0-301F-11D3-BF4B-00C04F79EFBC}") = "Dominion.Console", "Dominion.Console\Dominion.Console.csproj", "{1D1A5360-0E33-4A5B-A416-9E65A67744BF}"
EndProject
Global
	GlobalSection(SolutionConfigurationPlatforms) = preSolution
		Debug|Any CPU = Debug|Any CPU
		Release|Any CPU = Release|Any CPU
	EndGlobalSection
	GlobalSection(ProjectConfigurationPlatforms) = postSolution
		{BD323D52-7C39-4D55-99AC-52A6ED5161D5}.Debug|Any CPU.ActiveCfg = Debug|Any CPU
		{BD323D52-7C39-4D55-99AC-52A6ED5161D5}.Debug|Any CPU.Build.0 = Debug|Any CPU
		{BD323D52-7C39-4D55-99AC-52A6ED5161D5}.Release|Any CPU.ActiveCfg = Release|Any CPU
		{BD323D52-7C39-4D55-99AC-52A6ED5161D5}.Release|Any CPU.Build.0 = Release|Any CPU
		{1D1A5360-0E33-4A5B-A416-9E65A67744BF}.Debug|Any CPU.ActiveCfg = Debug|Any CPU
		{1D1A5360-0E33-4A5B-A416-9E65A67744BF}.Debug|Any CPU.Build.0 = Debug|Any CPU
		{1D1A5360-0E33-4A5B-A416-9E65A67744BF}.Release|Any CPU.ActiveCfg = Release|Any CPU
		{1D1A5360-0E33-4A5B-A416-9E65A67744BF}.Release|Any CPU.Build.0 = Release|Any CPU
	EndGlobalSection
	GlobalSection(SolutionProperties) = preSolution
		HideSolutionNode = FALSE
	EndGlobalSection
EndGlobal
